
Microsoft Visual Studio Solution File, Format Version 12.00
# Visual Studio Version 17
VisualStudioVersion = 17.7.34024.191
MinimumVisualStudioVersion = 10.0.40219.1
Project("{9A19103F-16F7-4668-BE54-9A1E7A4F7556}") = "MyBlazor", "MyBlazor\MyBlazor.csproj", "{172717DF-1701-46CD-BCB4-A8341DD1EB30}"
EndProject
Project("{9A19103F-16F7-4668-BE54-9A1E7A4F7556}") = "MyBlazor.Libraries", "MyBlazor.Libraries\MyBlazor.Libraries.csproj", "{ECC16071-6F8E-4365-A014-AC839187458B}"
EndProject
Global
	GlobalSection(SolutionConfigurationPlatforms) = preSolution
		Debug|Any CPU = Debug|Any CPU
		Release|Any CPU = Release|Any CPU
	EndGlobalSection
	GlobalSection(ProjectConfigurationPlatforms) = postSolution
		{172717DF-1701-46CD-BCB4-A8341DD1EB30}.Debug|Any CPU.ActiveCfg = Debug|Any CPU
		{172717DF-1701-46CD-BCB4-A8341DD1EB30}.Debug|Any CPU.Build.0 = Debug|Any CPU
		{172717DF-1701-46CD-BCB4-A8341DD1EB30}.Release|Any CPU.ActiveCfg = Release|Any CPU
		{172717DF-1701-46CD-BCB4-A8341DD1EB30}.Release|Any CPU.Build.0 = Release|Any CPU
		{ECC16071-6F8E-4365-A014-AC839187458B}.Debug|Any CPU.ActiveCfg = Debug|Any CPU
		{ECC16071-6F8E-4365-A014-AC839187458B}.Debug|Any CPU.Build.0 = Debug|Any CPU
		{ECC16071-6F8E-4365-A014-AC839187458B}.Release|Any CPU.ActiveCfg = Release|Any CPU
		{ECC16071-6F8E-4365-A014-AC839187458B}.Release|Any CPU.Build.0 = Release|Any CPU
	EndGlobalSection
	GlobalSection(SolutionProperties) = preSolution
		HideSolutionNode = FALSE
	EndGlobalSection
	GlobalSection(ExtensibilityGlobals) = postSolution
		SolutionGuid = {EE2EF907-1A3B-4451-A513-2A67723DB8B5}
	EndGlobalSection
EndGlobal
